
Microsoft Visual Studio Solution File, Format Version 12.00
# Visual Studio 15
VisualStudioVersion = 15.0.28307.1169
MinimumVisualStudioVersion = 10.0.40219.1
Project("{8BC9CEB8-8B4A-11D0-8D11-00A0C91BC942}") = "decrypt_wxdb", "decrypt_wxdb.vcxproj", "{0142F0A9-0D2B-4CE7-83BF-F8335FCD8A1E}"
EndProject
Global
	GlobalSection(SolutionConfigurationPlatforms) = preSolution
		Debug|x64 = Debug|x64
		Debug|x86 = Debug|x86
		Release|x64 = Release|x64
		Release|x86 = Release|x86
	EndGlobalSection
	GlobalSection(ProjectConfigurationPlatforms) = postSolution
		{0142F0A9-0D2B-4CE7-83BF-F8335FCD8A1E}.Debug|x64.ActiveCfg = Debug|x64
		{0142F0A9-0D2B-4CE7-83BF-F8335FCD8A1E}.Debug|x64.Build.0 = Debug|x64
		{0142F0A9-0D2B-4CE7-83BF-F8335FCD8A1E}.Debug|x86.ActiveCfg = Debug|Win32
		{0142F0A9-0D2B-4CE7-83BF-F8335FCD8A1E}.Debug|x86.Build.0 = Debug|Win32
		{0142F0A9-0D2B-4CE7-83BF-F8335FCD8A1E}.Release|x64.ActiveCfg = Release|x64
		{0142F0A9-0D2B-4CE7-83BF-F8335FCD8A1E}.Release|x64.Build.0 = Release|x64
		{0142F0A9-0D2B-4CE7-83BF-F8335FCD8A1E}.Release|x86.ActiveCfg = Release|Win32
		{0142F0A9-0D2B-4CE7-83BF-F8335FCD8A1E}.Release|x86.Build.0 = Release|Win32
	EndGlobalSection
	GlobalSection(SolutionProperties) = preSolution
		HideSolutionNode = FALSE
	EndGlobalSection
	GlobalSection(ExtensibilityGlobals) = postSolution
		SolutionGuid = {133164B3-7D3E-4146-BD2E-BEAD340E3436}
	EndGlobalSection
EndGlobal
